Microsoft Visual Studio Solution File, Format Version 12.00
# Visual Studio Version 17
VisualStudioVersion = 17.5.2.0
MinimumVisualStudioVersion = 10.0.40219.1
Project("{FAE04EC0-301F-11D3-BF4B-00C04F79EFBC}") = "TP1AED", "TP1AED.csproj", "{09106A44-C9BB-48A9-C790-05A7B860B2B2}"
EndProject
Global
	GlobalSection(SolutionConfigurationPlatforms) = preSolution
		Debug|Any CPU = Debug|Any CPU
		Release|Any CPU = Release|Any CPU
	EndGlobalSection
	GlobalSection(ProjectConfigurationPlatforms) = postSolution
		{09106A44-C9BB-48A9-C790-05A7B860B2B2}.Debug|Any CPU.ActiveCfg = Debug|Any CPU
		{09106A44-C9BB-48A9-C790-05A7B860B2B2}.Debug|Any CPU.Build.0 = Debug|Any CPU
		{09106A44-C9BB-48A9-C790-05A7B860B2B2}.Release|Any CPU.ActiveCfg = Release|Any CPU
		{09106A44-C9BB-48A9-C790-05A7B860B2B2}.Release|Any CPU.Build.0 = Release|Any CPU
	EndGlobalSection
	GlobalSection(SolutionProperties) = preSolution
		HideSolutionNode = FALSE
	EndGlobalSection
	GlobalSection(ExtensibilityGlobals) = postSolution
		SolutionGuid = {4FC3474F-AD50-462A-9BD7-EC262730C3B3}
	EndGlobalSection
EndGlobal
